
Microsoft Visual Studio Solution File, Format Version 12.00
# Visual Studio Version 17
VisualStudioVersion = 17.10.34916.146
MinimumVisualStudioVersion = 10.0.40219.1
Project("{FAE04EC0-301F-11D3-BF4B-00C04F79EFBC}") = "MultipleFolderProject", "MultipleFolderProject\MultipleFolderProject.csproj", "{14DD5760-5BAF-4BC4-8F41-B00AE9ECF011}"
EndProject
Global
	GlobalSection(SolutionConfigurationPlatforms) = preSolution
		Debug|Any CPU = Debug|Any CPU
		Release|Any CPU = Release|Any CPU
	EndGlobalSection
	GlobalSection(ProjectConfigurationPlatforms) = postSolution
		{14DD5760-5BAF-4BC4-8F41-B00AE9ECF011}.Debug|Any CPU.ActiveCfg = Debug|Any CPU
		{14DD5760-5BAF-4BC4-8F41-B00AE9ECF011}.Debug|Any CPU.Build.0 = Debug|Any CPU
		{14DD5760-5BAF-4BC4-8F41-B00AE9ECF011}.Release|Any CPU.ActiveCfg = Release|Any CPU
		{14DD5760-5BAF-4BC4-8F41-B00AE9ECF011}.Release|Any CPU.Build.0 = Release|Any CPU
	EndGlobalSection
	GlobalSection(SolutionProperties) = preSolution
		HideSolutionNode = FALSE
	EndGlobalSection
	GlobalSection(ExtensibilityGlobals) = postSolution
		SolutionGuid = {D29EA252-9F05-418B-B36B-0BE12744D564}
	EndGlobalSection
EndGlobal
